
Microsoft Visual Studio Solution File, Format Version 12.00
# Visual Studio Version 17
VisualStudioVersion = 17.12.35309.182
MinimumVisualStudioVersion = 10.0.40219.1
Project("{2150E333-8FDC-42A3-9474-1A3956D46DE8}") = "Beginner_ML", "Beginner_ML", "{A904EACB-AACF-4FD1-B125-CBC8C202A9ED}"
EndProject
Project("{FAE04EC0-301F-11D3-BF4B-00C04F79EFBC}") = "MLNetCrashCourse", "Beginner_ML\MLNetCrashCourse\MLNetCrashCourse.csproj", "{4900E0C2-3872-4F7D-9B5A-562E56D2D377}"
EndProject
Global
	GlobalSection(SolutionConfigurationPlatforms) = preSolution
		Debug|Any CPU = Debug|Any CPU
		Release|Any CPU = Release|Any CPU
	EndGlobalSection
	GlobalSection(ProjectConfigurationPlatforms) = postSolution
		{4900E0C2-3872-4F7D-9B5A-562E56D2D377}.Debug|Any CPU.ActiveCfg = Debug|Any CPU
		{4900E0C2-3872-4F7D-9B5A-562E56D2D377}.Debug|Any CPU.Build.0 = Debug|Any CPU
		{4900E0C2-3872-4F7D-9B5A-562E56D2D377}.Release|Any CPU.ActiveCfg = Release|Any CPU
		{4900E0C2-3872-4F7D-9B5A-562E56D2D377}.Release|Any CPU.Build.0 = Release|Any CPU
	EndGlobalSection
	GlobalSection(SolutionProperties) = preSolution
		HideSolutionNode = FALSE
	EndGlobalSection
	GlobalSection(NestedProjects) = preSolution
		{4900E0C2-3872-4F7D-9B5A-562E56D2D377} = {A904EACB-AACF-4FD1-B125-CBC8C202A9ED}
	EndGlobalSection
	GlobalSection(ExtensibilityGlobals) = postSolution
		SolutionGuid = {BC0708F3-AE38-43B2-8608-D2A72DBBF658}
	EndGlobalSection
EndGlobal
