
Microsoft Visual Studio Solution File, Format Version 12.00
# Visual Studio Version 17
VisualStudioVersion = 17.12.35309.182
MinimumVisualStudioVersion = 10.0.40219.1
Project("{2150E333-8FDC-42A3-9474-1A3956D46DE8}") = "Beginner_ML", "Beginner_ML", "{A904EACB-AACF-4FD1-B125-CBC8C202A9ED}"
	ProjectSection(SolutionItems) = preProject
		MainTheory.txt = MainTheory.txt
		Theory.txt = Theory.txt
	EndProjectSection
EndProject
Project("{FAE04EC0-301F-11D3-BF4B-00C04F79EFBC}") = "MLNetCrashCourse", "Beginner_ML\MLNetCrashCourse\MLNetCrashCourse.csproj", "{4900E0C2-3872-4F7D-9B5A-562E56D2D377}"
EndProject
Project("{FAE04EC0-301F-11D3-BF4B-00C04F79EFBC}") = "MLModel1_ConsoleApp1", "Beginner_ML\MLModel1_ConsoleApp1\MLModel1_ConsoleApp1.csproj", "{8C5E5BCA-6BCF-4234-931F-C0A98134F914}"
EndProject
Project("{FAE04EC0-301F-11D3-BF4B-00C04F79EFBC}") = "MLModel1_WebApi1", "Beginner_ML\MLModel1_WebApi1\MLModel1_WebApi1.csproj", "{A7202A94-7060-4F33-A71A-769DF5E11B7F}"
EndProject
Project("{2150E333-8FDC-42A3-9474-1A3956D46DE8}") = "MachineLearningProject", "MachineLearningProject", "{A870D251-C540-4C61-A50C-C5B1B4D19B9D}"
EndProject
Project("{FAE04EC0-301F-11D3-BF4B-00C04F79EFBC}") = "MachineLearningApi", "Beginner_ML\MachineLearningProject\MachineLearningApi\MachineLearningApi.csproj", "{40F9C48D-14FF-4908-98F6-5B4E99CACA51}"
EndProject
Project("{FAE04EC0-301F-11D3-BF4B-00C04F79EFBC}") = "MachineLearningApp", "Beginner_ML\MachineLearningProject\MachineLearningApp\MachineLearningApp.csproj", "{64FE4F30-D449-4E07-8757-20682DD3F601}"
EndProject
Project("{FAE04EC0-301F-11D3-BF4B-00C04F79EFBC}") = "MachineLearningInfra", "Beginner_ML\MachineLearningProject\MachineLearningInfra\MachineLearningInfra.csproj", "{53353311-7AC2-4C80-BEE9-46C45FC2CED0}"
EndProject
Project("{FAE04EC0-301F-11D3-BF4B-00C04F79EFBC}") = "MachineLearningDomain", "Beginner_ML\MachineLearningProject\MachineLearningDomain\MachineLearningDomain.csproj", "{D3324164-4509-49FD-A38F-2A8D0E787999}"
EndProject
Project("{FAE04EC0-301F-11D3-BF4B-00C04F79EFBC}") = "MachineLearningData", "Beginner_ML\MachineLearningProject\MachineLearningData\MachineLearningData.csproj", "{F51F9772-29A1-48D1-8C0A-7D3AA6127657}"
EndProject
Project("{FAE04EC0-301F-11D3-BF4B-00C04F79EFBC}") = "MachineLearningMigration", "Beginner_ML\MachineLearningProject\MachineLearningMigration\MachineLearningMigration.csproj", "{66DD9605-5326-4AE9-9616-115F67B483FE}"
EndProject
Project("{FAE04EC0-301F-11D3-BF4B-00C04F79EFBC}") = "MachineLearningDataBaseFactory", "Beginner_ML\MachineLearningProject\MachineLearningDataBaseFactory\MachineLearningDataBaseFactory.csproj", "{C1636419-67B0-4F49-822A-E0AFD19BD5FD}"
EndProject
Project("{2150E333-8FDC-42A3-9474-1A3956D46DE8}") = "MicroSoftExample", "MicroSoftExample", "{6F03AB0E-CEAC-4727-807D-17BE1067E4E6}"
EndProject
Project("{FAE04EC0-301F-11D3-BF4B-00C04F79EFBC}") = "AdvancedTaxiFarePrediction", "MicroSoftExample\AdvancedTaxiFarePrediction\AdvancedTaxiFarePrediction.csproj", "{38AE0ABA-D945-40E2-A05E-D187B9DA708A}"
EndProject
Project("{2150E333-8FDC-42A3-9474-1A3956D46DE8}") = "SsaSpikeEstimator", "SsaSpikeEstimator", "{5B082539-E54B-4C5D-9135-13D3469CE6E5}"
EndProject
Project("{FAE04EC0-301F-11D3-BF4B-00C04F79EFBC}") = "SrEntireDetection", "MicroSoftExample\SsaSpikeEstimator\SrEntireDetection\SrEntireDetection.csproj", "{A9812FB2-7FB0-4428-B85D-A119EF3D7B12}"
EndProject
Project("{FAE04EC0-301F-11D3-BF4B-00C04F79EFBC}") = "CreditCardFraudDetection", "MicroSoftExample\SsaSpikeEstimator\CreditCardFraudDetection\CreditCardFraudDetection.csproj", "{2FCA8725-FF47-427A-B649-65CC80F9E212}"
EndProject
Project("{FAE04EC0-301F-11D3-BF4B-00C04F79EFBC}") = "PowerAnomalyDetection", "MicroSoftExample\SsaSpikeEstimator\PowerAnomalyDetection\PowerAnomalyDetection.csproj", "{0116C56C-C45E-469C-B271-5EECC7B69B9D}"
EndProject
Project("{FAE04EC0-301F-11D3-BF4B-00C04F79EFBC}") = "SpikeDetection", "MicroSoftExample\SsaSpikeEstimator\SpikeDetection\SpikeDetection.csproj", "{B9CEF2C8-9E60-49DB-B80E-D05CA6708DC7}"
EndProject
Project("{FAE04EC0-301F-11D3-BF4B-00C04F79EFBC}") = "SrCnnEntireDetection", "MicroSoftExample\SsaSpikeEstimator\SrCnnEntireDetection\SrCnnEntireDetection.csproj", "{889CEB19-C702-4161-843E-72530BEA52FB}"
EndProject
Project("{2150E333-8FDC-42A3-9474-1A3956D46DE8}") = "Clustering", "Clustering", "{BA785F15-6E11-41F3-8180-BAE1798961BB}"
EndProject
Project("{FAE04EC0-301F-11D3-BF4B-00C04F79EFBC}") = "CustomerSegmentation", "MicroSoftExample\Clustering\CustomerSegmentation\CustomerSegmentation.csproj", "{580ABB42-A8D5-4253-B90C-786329A88BB4}"
EndProject
Project("{2150E333-8FDC-42A3-9474-1A3956D46DE8}") = "BinaryClassification", "BinaryClassification", "{7B7E75A8-7325-4C5D-9FE7-0A57DFEE619A}"
EndProject
Project("{FAE04EC0-301F-11D3-BF4B-00C04F79EFBC}") = "CCFraudDetection", "MicroSoftExample\BinaryClassification\CCFraudDetection\CCFraudDetection.csproj", "{4E2EEC0E-1BCC-40A1-B972-D779DBE50B96}"
EndProject
Project("{FAE04EC0-301F-11D3-BF4B-00C04F79EFBC}") = "HeartDiseaseDetection", "MicroSoftExample\BinaryClassification\HeartDiseaseDetection\HeartDiseaseDetection.csproj", "{E792959E-4234-4B98-9D01-EB4D54FE1C60}"
EndProject
Project("{FAE04EC0-301F-11D3-BF4B-00C04F79EFBC}") = "SentimentAnalysis", "MicroSoftExample\BinaryClassification\SentimentAnalysis\SentimentAnalysis.csproj", "{233E7340-E731-4D6C-A5BB-BE5C3EC7CEA8}"
EndProject
Project("{FAE04EC0-301F-11D3-BF4B-00C04F79EFBC}") = "SpamDetectionConsoleApp", "MicroSoftExample\BinaryClassification\SpamDetectionConsoleApp\SpamDetectionConsoleApp.csproj", "{3D69396C-3531-4E4F-9A51-33381C796B41}"
EndProject
Project("{2150E333-8FDC-42A3-9474-1A3956D46DE8}") = "CommonLibrary", "CommonLibrary", "{687F0007-54CD-407A-BC6B-332374821A3E}"
EndProject
Project("{FAE04EC0-301F-11D3-BF4B-00C04F79EFBC}") = "CommonLib", "MicroSoftExample\CommonLibrary\CommonLib\CommonLib.csproj", "{A7E4CC85-E68D-488E-9433-94E1B445E601}"
EndProject
Project("{FAE04EC0-301F-11D3-BF4B-00C04F79EFBC}") = "IrisClustering", "MicroSoftExample\Clustering\IrisClustering\IrisClustering.csproj", "{95BED270-E0D6-48FE-B61F-D5B0B159ADAD}"
EndProject
Global
	GlobalSection(SolutionConfigurationPlatforms) = preSolution
		Debug|Any CPU = Debug|Any CPU
		Release|Any CPU = Release|Any CPU
	EndGlobalSection
	GlobalSection(ProjectConfigurationPlatforms) = postSolution
		{4900E0C2-3872-4F7D-9B5A-562E56D2D377}.Debug|Any CPU.ActiveCfg = Debug|Any CPU
		{4900E0C2-3872-4F7D-9B5A-562E56D2D377}.Debug|Any CPU.Build.0 = Debug|Any CPU
		{4900E0C2-3872-4F7D-9B5A-562E56D2D377}.Release|Any CPU.ActiveCfg = Release|Any CPU
		{4900E0C2-3872-4F7D-9B5A-562E56D2D377}.Release|Any CPU.Build.0 = Release|Any CPU
		{8C5E5BCA-6BCF-4234-931F-C0A98134F914}.Debug|Any CPU.ActiveCfg = Debug|Any CPU
		{8C5E5BCA-6BCF-4234-931F-C0A98134F914}.Debug|Any CPU.Build.0 = Debug|Any CPU
		{8C5E5BCA-6BCF-4234-931F-C0A98134F914}.Release|Any CPU.ActiveCfg = Release|Any CPU
		{8C5E5BCA-6BCF-4234-931F-C0A98134F914}.Release|Any CPU.Build.0 = Release|Any CPU
		{A7202A94-7060-4F33-A71A-769DF5E11B7F}.Debug|Any CPU.ActiveCfg = Debug|Any CPU
		{A7202A94-7060-4F33-A71A-769DF5E11B7F}.Debug|Any CPU.Build.0 = Debug|Any CPU
		{A7202A94-7060-4F33-A71A-769DF5E11B7F}.Release|Any CPU.ActiveCfg = Release|Any CPU
		{A7202A94-7060-4F33-A71A-769DF5E11B7F}.Release|Any CPU.Build.0 = Release|Any CPU
		{40F9C48D-14FF-4908-98F6-5B4E99CACA51}.Debug|Any CPU.ActiveCfg = Debug|Any CPU
		{40F9C48D-14FF-4908-98F6-5B4E99CACA51}.Debug|Any CPU.Build.0 = Debug|Any CPU
		{40F9C48D-14FF-4908-98F6-5B4E99CACA51}.Release|Any CPU.ActiveCfg = Release|Any CPU
		{40F9C48D-14FF-4908-98F6-5B4E99CACA51}.Release|Any CPU.Build.0 = Release|Any CPU
		{64FE4F30-D449-4E07-8757-20682DD3F601}.Debug|Any CPU.ActiveCfg = Debug|Any CPU
		{64FE4F30-D449-4E07-8757-20682DD3F601}.Debug|Any CPU.Build.0 = Debug|Any CPU
		{64FE4F30-D449-4E07-8757-20682DD3F601}.Release|Any CPU.ActiveCfg = Release|Any CPU
		{64FE4F30-D449-4E07-8757-20682DD3F601}.Release|Any CPU.Build.0 = Release|Any CPU
		{53353311-7AC2-4C80-BEE9-46C45FC2CED0}.Debug|Any CPU.ActiveCfg = Debug|Any CPU
		{53353311-7AC2-4C80-BEE9-46C45FC2CED0}.Debug|Any CPU.Build.0 = Debug|Any CPU
		{53353311-7AC2-4C80-BEE9-46C45FC2CED0}.Release|Any CPU.ActiveCfg = Release|Any CPU
		{53353311-7AC2-4C80-BEE9-46C45FC2CED0}.Release|Any CPU.Build.0 = Release|Any CPU
		{D3324164-4509-49FD-A38F-2A8D0E787999}.Debug|Any CPU.ActiveCfg = Debug|Any CPU
		{D3324164-4509-49FD-A38F-2A8D0E787999}.Debug|Any CPU.Build.0 = Debug|Any CPU
		{D3324164-4509-49FD-A38F-2A8D0E787999}.Release|Any CPU.ActiveCfg = Release|Any CPU
		{D3324164-4509-49FD-A38F-2A8D0E787999}.Release|Any CPU.Build.0 = Release|Any CPU
		{F51F9772-29A1-48D1-8C0A-7D3AA6127657}.Debug|Any CPU.ActiveCfg = Debug|Any CPU
		{F51F9772-29A1-48D1-8C0A-7D3AA6127657}.Debug|Any CPU.Build.0 = Debug|Any CPU
		{F51F9772-29A1-48D1-8C0A-7D3AA6127657}.Release|Any CPU.ActiveCfg = Release|Any CPU
		{F51F9772-29A1-48D1-8C0A-7D3AA6127657}.Release|Any CPU.Build.0 = Release|Any CPU
		{66DD9605-5326-4AE9-9616-115F67B483FE}.Debug|Any CPU.ActiveCfg = Debug|Any CPU
		{66DD9605-5326-4AE9-9616-115F67B483FE}.Debug|Any CPU.Build.0 = Debug|Any CPU
		{66DD9605-5326-4AE9-9616-115F67B483FE}.Release|Any CPU.ActiveCfg = Release|Any CPU
		{66DD9605-5326-4AE9-9616-115F67B483FE}.Release|Any CPU.Build.0 = Release|Any CPU
		{C1636419-67B0-4F49-822A-E0AFD19BD5FD}.Debug|Any CPU.ActiveCfg = Debug|Any CPU
		{C1636419-67B0-4F49-822A-E0AFD19BD5FD}.Debug|Any CPU.Build.0 = Debug|Any CPU
		{C1636419-67B0-4F49-822A-E0AFD19BD5FD}.Release|Any CPU.ActiveCfg = Release|Any CPU
		{C1636419-67B0-4F49-822A-E0AFD19BD5FD}.Release|Any CPU.Build.0 = Release|Any CPU
		{38AE0ABA-D945-40E2-A05E-D187B9DA708A}.Debug|Any CPU.ActiveCfg = Debug|Any CPU
		{38AE0ABA-D945-40E2-A05E-D187B9DA708A}.Debug|Any CPU.Build.0 = Debug|Any CPU
		{38AE0ABA-D945-40E2-A05E-D187B9DA708A}.Release|Any CPU.ActiveCfg = Release|Any CPU
		{38AE0ABA-D945-40E2-A05E-D187B9DA708A}.Release|Any CPU.Build.0 = Release|Any CPU
		{A9812FB2-7FB0-4428-B85D-A119EF3D7B12}.Debug|Any CPU.ActiveCfg = Debug|Any CPU
		{A9812FB2-7FB0-4428-B85D-A119EF3D7B12}.Debug|Any CPU.Build.0 = Debug|Any CPU
		{A9812FB2-7FB0-4428-B85D-A119EF3D7B12}.Release|Any CPU.ActiveCfg = Release|Any CPU
		{A9812FB2-7FB0-4428-B85D-A119EF3D7B12}.Release|Any CPU.Build.0 = Release|Any CPU
		{2FCA8725-FF47-427A-B649-65CC80F9E212}.Debug|Any CPU.ActiveCfg = Debug|Any CPU
		{2FCA8725-FF47-427A-B649-65CC80F9E212}.Debug|Any CPU.Build.0 = Debug|Any CPU
		{2FCA8725-FF47-427A-B649-65CC80F9E212}.Release|Any CPU.ActiveCfg = Release|Any CPU
		{2FCA8725-FF47-427A-B649-65CC80F9E212}.Release|Any CPU.Build.0 = Release|Any CPU
		{0116C56C-C45E-469C-B271-5EECC7B69B9D}.Debug|Any CPU.ActiveCfg = Debug|Any CPU
		{0116C56C-C45E-469C-B271-5EECC7B69B9D}.Debug|Any CPU.Build.0 = Debug|Any CPU
		{0116C56C-C45E-469C-B271-5EECC7B69B9D}.Release|Any CPU.ActiveCfg = Release|Any CPU
		{0116C56C-C45E-469C-B271-5EECC7B69B9D}.Release|Any CPU.Build.0 = Release|Any CPU
		{B9CEF2C8-9E60-49DB-B80E-D05CA6708DC7}.Debug|Any CPU.ActiveCfg = Debug|Any CPU
		{B9CEF2C8-9E60-49DB-B80E-D05CA6708DC7}.Debug|Any CPU.Build.0 = Debug|Any CPU
		{B9CEF2C8-9E60-49DB-B80E-D05CA6708DC7}.Release|Any CPU.ActiveCfg = Release|Any CPU
		{B9CEF2C8-9E60-49DB-B80E-D05CA6708DC7}.Release|Any CPU.Build.0 = Release|Any CPU
		{889CEB19-C702-4161-843E-72530BEA52FB}.Debug|Any CPU.ActiveCfg = Debug|Any CPU
		{889CEB19-C702-4161-843E-72530BEA52FB}.Debug|Any CPU.Build.0 = Debug|Any CPU
		{889CEB19-C702-4161-843E-72530BEA52FB}.Release|Any CPU.ActiveCfg = Release|Any CPU
		{889CEB19-C702-4161-843E-72530BEA52FB}.Release|Any CPU.Build.0 = Release|Any CPU
		{580ABB42-A8D5-4253-B90C-786329A88BB4}.Debug|Any CPU.ActiveCfg = Debug|Any CPU
		{580ABB42-A8D5-4253-B90C-786329A88BB4}.Debug|Any CPU.Build.0 = Debug|Any CPU
		{580ABB42-A8D5-4253-B90C-786329A88BB4}.Release|Any CPU.ActiveCfg = Release|Any CPU
		{580ABB42-A8D5-4253-B90C-786329A88BB4}.Release|Any CPU.Build.0 = Release|Any CPU
		{4E2EEC0E-1BCC-40A1-B972-D779DBE50B96}.Debug|Any CPU.ActiveCfg = Debug|Any CPU
		{4E2EEC0E-1BCC-40A1-B972-D779DBE50B96}.Debug|Any CPU.Build.0 = Debug|Any CPU
		{4E2EEC0E-1BCC-40A1-B972-D779DBE50B96}.Release|Any CPU.ActiveCfg = Release|Any CPU
		{4E2EEC0E-1BCC-40A1-B972-D779DBE50B96}.Release|Any CPU.Build.0 = Release|Any CPU
		{E792959E-4234-4B98-9D01-EB4D54FE1C60}.Debug|Any CPU.ActiveCfg = Debug|Any CPU
		{E792959E-4234-4B98-9D01-EB4D54FE1C60}.Debug|Any CPU.Build.0 = Debug|Any CPU
		{E792959E-4234-4B98-9D01-EB4D54FE1C60}.Release|Any CPU.ActiveCfg = Release|Any CPU
		{E792959E-4234-4B98-9D01-EB4D54FE1C60}.Release|Any CPU.Build.0 = Release|Any CPU
		{233E7340-E731-4D6C-A5BB-BE5C3EC7CEA8}.Debug|Any CPU.ActiveCfg = Debug|Any CPU
		{233E7340-E731-4D6C-A5BB-BE5C3EC7CEA8}.Debug|Any CPU.Build.0 = Debug|Any CPU
		{233E7340-E731-4D6C-A5BB-BE5C3EC7CEA8}.Release|Any CPU.ActiveCfg = Release|Any CPU
		{233E7340-E731-4D6C-A5BB-BE5C3EC7CEA8}.Release|Any CPU.Build.0 = Release|Any CPU
		{3D69396C-3531-4E4F-9A51-33381C796B41}.Debug|Any CPU.ActiveCfg = Debug|Any CPU
		{3D69396C-3531-4E4F-9A51-33381C796B41}.Debug|Any CPU.Build.0 = Debug|Any CPU
		{3D69396C-3531-4E4F-9A51-33381C796B41}.Release|Any CPU.ActiveCfg = Release|Any CPU
		{3D69396C-3531-4E4F-9A51-33381C796B41}.Release|Any CPU.Build.0 = Release|Any CPU
		{A7E4CC85-E68D-488E-9433-94E1B445E601}.Debug|Any CPU.ActiveCfg = Debug|Any CPU
		{A7E4CC85-E68D-488E-9433-94E1B445E601}.Debug|Any CPU.Build.0 = Debug|Any CPU
		{A7E4CC85-E68D-488E-9433-94E1B445E601}.Release|Any CPU.ActiveCfg = Release|Any CPU
		{A7E4CC85-E68D-488E-9433-94E1B445E601}.Release|Any CPU.Build.0 = Release|Any CPU
		{95BED270-E0D6-48FE-B61F-D5B0B159ADAD}.Debug|Any CPU.ActiveCfg = Debug|Any CPU
		{95BED270-E0D6-48FE-B61F-D5B0B159ADAD}.Debug|Any CPU.Build.0 = Debug|Any CPU
		{95BED270-E0D6-48FE-B61F-D5B0B159ADAD}.Release|Any CPU.ActiveCfg = Release|Any CPU
		{95BED270-E0D6-48FE-B61F-D5B0B159ADAD}.Release|Any CPU.Build.0 = Release|Any CPU
	EndGlobalSection
	GlobalSection(SolutionProperties) = preSolution
		HideSolutionNode = FALSE
	EndGlobalSection
	GlobalSection(NestedProjects) = preSolution
		{4900E0C2-3872-4F7D-9B5A-562E56D2D377} = {A904EACB-AACF-4FD1-B125-CBC8C202A9ED}
		{8C5E5BCA-6BCF-4234-931F-C0A98134F914} = {A904EACB-AACF-4FD1-B125-CBC8C202A9ED}
		{A7202A94-7060-4F33-A71A-769DF5E11B7F} = {A904EACB-AACF-4FD1-B125-CBC8C202A9ED}
		{A870D251-C540-4C61-A50C-C5B1B4D19B9D} = {A904EACB-AACF-4FD1-B125-CBC8C202A9ED}
		{40F9C48D-14FF-4908-98F6-5B4E99CACA51} = {A870D251-C540-4C61-A50C-C5B1B4D19B9D}
		{64FE4F30-D449-4E07-8757-20682DD3F601} = {A870D251-C540-4C61-A50C-C5B1B4D19B9D}
		{53353311-7AC2-4C80-BEE9-46C45FC2CED0} = {A870D251-C540-4C61-A50C-C5B1B4D19B9D}
		{D3324164-4509-49FD-A38F-2A8D0E787999} = {A870D251-C540-4C61-A50C-C5B1B4D19B9D}
		{F51F9772-29A1-48D1-8C0A-7D3AA6127657} = {A870D251-C540-4C61-A50C-C5B1B4D19B9D}
		{66DD9605-5326-4AE9-9616-115F67B483FE} = {A870D251-C540-4C61-A50C-C5B1B4D19B9D}
		{C1636419-67B0-4F49-822A-E0AFD19BD5FD} = {A870D251-C540-4C61-A50C-C5B1B4D19B9D}
		{38AE0ABA-D945-40E2-A05E-D187B9DA708A} = {6F03AB0E-CEAC-4727-807D-17BE1067E4E6}
		{5B082539-E54B-4C5D-9135-13D3469CE6E5} = {6F03AB0E-CEAC-4727-807D-17BE1067E4E6}
		{A9812FB2-7FB0-4428-B85D-A119EF3D7B12} = {5B082539-E54B-4C5D-9135-13D3469CE6E5}
		{2FCA8725-FF47-427A-B649-65CC80F9E212} = {5B082539-E54B-4C5D-9135-13D3469CE6E5}
		{0116C56C-C45E-469C-B271-5EECC7B69B9D} = {5B082539-E54B-4C5D-9135-13D3469CE6E5}
		{B9CEF2C8-9E60-49DB-B80E-D05CA6708DC7} = {5B082539-E54B-4C5D-9135-13D3469CE6E5}
		{889CEB19-C702-4161-843E-72530BEA52FB} = {5B082539-E54B-4C5D-9135-13D3469CE6E5}
		{BA785F15-6E11-41F3-8180-BAE1798961BB} = {6F03AB0E-CEAC-4727-807D-17BE1067E4E6}
		{580ABB42-A8D5-4253-B90C-786329A88BB4} = {BA785F15-6E11-41F3-8180-BAE1798961BB}
		{7B7E75A8-7325-4C5D-9FE7-0A57DFEE619A} = {6F03AB0E-CEAC-4727-807D-17BE1067E4E6}
		{4E2EEC0E-1BCC-40A1-B972-D779DBE50B96} = {7B7E75A8-7325-4C5D-9FE7-0A57DFEE619A}
		{E792959E-4234-4B98-9D01-EB4D54FE1C60} = {7B7E75A8-7325-4C5D-9FE7-0A57DFEE619A}
		{233E7340-E731-4D6C-A5BB-BE5C3EC7CEA8} = {7B7E75A8-7325-4C5D-9FE7-0A57DFEE619A}
		{3D69396C-3531-4E4F-9A51-33381C796B41} = {7B7E75A8-7325-4C5D-9FE7-0A57DFEE619A}
		{687F0007-54CD-407A-BC6B-332374821A3E} = {6F03AB0E-CEAC-4727-807D-17BE1067E4E6}
		{A7E4CC85-E68D-488E-9433-94E1B445E601} = {687F0007-54CD-407A-BC6B-332374821A3E}
		{95BED270-E0D6-48FE-B61F-D5B0B159ADAD} = {BA785F15-6E11-41F3-8180-BAE1798961BB}
	EndGlobalSection
	GlobalSection(ExtensibilityGlobals) = postSolution
		SolutionGuid = {BC0708F3-AE38-43B2-8608-D2A72DBBF658}
	EndGlobalSection
EndGlobal
